
Microsoft Visual Studio Solution File, Format Version 12.00
# Visual Studio Version 17
VisualStudioVersion = 17.8.34330.188
MinimumVisualStudioVersion = 10.0.40219.1
Project("{FAE04EC0-301F-11D3-BF4B-00C04F79EFBC}") = "Acme", "Acme.csproj", "{C1E8F88E-BFEA-4309-A0AE-1D2D6B3448DB}"
EndProject
Global
	GlobalSection(SolutionConfigurationPlatforms) = preSolution
		Debug|Any CPU = Debug|Any CPU
		Release|Any CPU = Release|Any CPU
	EndGlobalSection
	GlobalSection(ProjectConfigurationPlatforms) = postSolution
		{C1E8F88E-BFEA-4309-A0AE-1D2D6B3448DB}.Debug|Any CPU.ActiveCfg = Debug|Any CPU
		{C1E8F88E-BFEA-4309-A0AE-1D2D6B3448DB}.Debug|Any CPU.Build.0 = Debug|Any CPU
		{C1E8F88E-BFEA-4309-A0AE-1D2D6B3448DB}.Release|Any CPU.ActiveCfg = Release|Any CPU
		{C1E8F88E-BFEA-4309-A0AE-1D2D6B3448DB}.Release|Any CPU.Build.0 = Release|Any CPU
	EndGlobalSection
	GlobalSection(SolutionProperties) = preSolution
		HideSolutionNode = FALSE
	EndGlobalSection
	GlobalSection(ExtensibilityGlobals) = postSolution
		SolutionGuid = {75D22BBB-3E58-4A37-88F2-32925F722DDA}
	EndGlobalSection
EndGlobal
